
Microsoft Visual Studio Solution File, Format Version 12.00
# Visual Studio Version 17
VisualStudioVersion = 17.4.33213.308
MinimumVisualStudioVersion = 10.0.40219.1
Project("{2150E333-8FDC-42A3-9474-1A3956D46DE8}") = "Src", "Src", "{98D2ED39-3914-4404-B63A-BC57FBA604F5}"
EndProject
Project("{2150E333-8FDC-42A3-9474-1A3956D46DE8}") = "Services", "Services", "{77F84FA5-4374-4002-AB6E-5C57E63CA53E}"
EndProject
Project("{2150E333-8FDC-42A3-9474-1A3956D46DE8}") = "Catalog", "Catalog", "{B8F02625-5BA7-4AFB-9965-73FABDDDC5BB}"
EndProject
Project("{9A19103F-16F7-4668-BE54-9A1E7A4F7556}") = "Course.Services.Catalog", "Src\Services\Catalog\Course.Services.Catalog\Course.Services.Catalog.csproj", "{C9DDB53D-C9F2-4047-AB63-56C96444D7EC}"
EndProject
Project("{2150E333-8FDC-42A3-9474-1A3956D46DE8}") = "PortsService", "PortsService", "{69214C4C-4EC9-41C4-BBE9-EBA1C13D8A37}"
	ProjectSection(SolutionItems) = preProject
		Ports.txt = Ports.txt
	EndProjectSection
EndProject
Project("{2150E333-8FDC-42A3-9474-1A3956D46DE8}") = "Shared", "Shared", "{3E5EABAE-2247-449F-AF71-63219E685257}"
EndProject
Project("{2150E333-8FDC-42A3-9474-1A3956D46DE8}") = "IdentityServer", "IdentityServer", "{45586BCD-E551-4EB6-9468-E06C1F7B8881}"
EndProject
Project("{9A19103F-16F7-4668-BE54-9A1E7A4F7556}") = "Course.IdentityServer", "Src\IdentityServer\Course.IdentityServer\Course.IdentityServer.csproj", "{59C70B5F-DA2D-4749-9583-1F6E7AB1137C}"
EndProject
Project("{2150E333-8FDC-42A3-9474-1A3956D46DE8}") = "PhotoStock", "PhotoStock", "{CBE98F7A-4979-42AA-BD7F-3825EAC3E9C3}"
EndProject
Project("{2150E333-8FDC-42A3-9474-1A3956D46DE8}") = "Basket", "Basket", "{7479AAB8-483B-4314-9D4D-2718821F8C4F}"
EndProject
Project("{9A19103F-16F7-4668-BE54-9A1E7A4F7556}") = "Course.Service.Basket", "Src\Services\Basket\Course.Service.Basket\Course.Service.Basket.csproj", "{780E84A0-54D4-437E-86A2-1C44F45459D2}"
EndProject
Project("{9A19103F-16F7-4668-BE54-9A1E7A4F7556}") = "Course.Services.PhotoStock", "Src\Services\PhotoStock\Course.Services.PhotoStock\Course.Services.PhotoStock.csproj", "{B15FEB61-2540-4B92-BBB4-E01C8375E9D4}"
EndProject
Project("{9A19103F-16F7-4668-BE54-9A1E7A4F7556}") = "MicroService.Shareds", "Src\Shared\MicroService.Shareds\MicroService.Shareds.csproj", "{7CBEB8C4-A890-44E3-9609-8DDE4342067B}"
EndProject
Project("{2150E333-8FDC-42A3-9474-1A3956D46DE8}") = "Discount", "Discount", "{34E41B40-C36C-4E31-9A3E-583DF3163E60}"
EndProject
Project("{9A19103F-16F7-4668-BE54-9A1E7A4F7556}") = "Course.Service.Discount", "Src\Services\Discount\Course.Service.Discount\Course.Service.Discount.csproj", "{D8078019-F5DA-4638-AC9E-41DB136A8D6D}"
EndProject
Project("{2150E333-8FDC-42A3-9474-1A3956D46DE8}") = "FreePayment", "FreePayment", "{43141613-8FF1-4A5C-8F3F-8FE9D192D155}"
EndProject
Project("{9A19103F-16F7-4668-BE54-9A1E7A4F7556}") = "Course.Services.FreePayment", "Src\Services\FreePayment\Course.Services.FreePayment\Course.Services.FreePayment.csproj", "{F0B6F677-834E-4CC9-AD06-11493DF10926}"
EndProject
Project("{2150E333-8FDC-42A3-9474-1A3956D46DE8}") = "Gateways", "Gateways", "{43558D8B-5898-4889-ADDB-54B62F022786}"
EndProject
Project("{9A19103F-16F7-4668-BE54-9A1E7A4F7556}") = "Course.Gateway", "Src\Gateways\Course.Gateway\Course.Gateway.csproj", "{88CEBFB7-E641-42BF-95FE-B639E58BE21E}"
EndProject
Project("{2150E333-8FDC-42A3-9474-1A3956D46DE8}") = "FrontedWeb", "FrontedWeb", "{8B38B215-C735-411E-8D53-A3ED7B2C86D5}"
EndProject
Project("{9A19103F-16F7-4668-BE54-9A1E7A4F7556}") = "Course.Web", "Src\FrontedWeb\Course.Web\Course.Web.csproj", "{2BE8A7BE-4CFC-47C5-8FDE-11961E77BFA8}"
EndProject
Project("{2150E333-8FDC-42A3-9474-1A3956D46DE8}") = "Order", "Order", "{B2D0802F-B28D-4454-8DE3-FD03DC8A96C8}"
EndProject
Project("{9A19103F-16F7-4668-BE54-9A1E7A4F7556}") = "Course.Service.Order.Application", "Src\Services\Order\Course.Service.Order.Application\Course.Service.Order.Application.csproj", "{7D8A9319-F70C-41BA-9E1D-6FF72FC7A356}"
EndProject
Project("{9A19103F-16F7-4668-BE54-9A1E7A4F7556}") = "Course.Service.Order.Infrastructure", "Src\Services\Order\Course.Service.Order.Infrastructure\Course.Service.Order.Infrastructure.csproj", "{34E0E3EC-8DD0-400C-BCFA-541F319FAFF9}"
EndProject
Project("{9A19103F-16F7-4668-BE54-9A1E7A4F7556}") = "Course.Services.Order.Api", "Src\Services\Order\Course.Services.Order.Api\Course.Services.Order.Api.csproj", "{3FA21FE1-ED8F-45EF-B35E-7D8900BE2BFF}"
EndProject
Project("{9A19103F-16F7-4668-BE54-9A1E7A4F7556}") = "Course.Services.Order.Domain", "Src\Services\Order\Course.Services.Order.Domain\Course.Services.Order.Domain.csproj", "{8110849A-C3F2-440A-B557-03207E3410A6}"
EndProject
Project("{9A19103F-16F7-4668-BE54-9A1E7A4F7556}") = "Course.Services.Order.Domain.Core", "Src\Services\Order\Course.Services.Order.Domain.Core\Course.Services.Order.Domain.Core.csproj", "{4C37BCD8-B691-4C02-AF02-4F067558B47C}"
EndProject
Global
	GlobalSection(SolutionConfigurationPlatforms) = preSolution
		Debug|Any CPU = Debug|Any CPU
		Release|Any CPU = Release|Any CPU
	EndGlobalSection
	GlobalSection(ProjectConfigurationPlatforms) = postSolution
		{C9DDB53D-C9F2-4047-AB63-56C96444D7EC}.Debug|Any CPU.ActiveCfg = Debug|Any CPU
		{C9DDB53D-C9F2-4047-AB63-56C96444D7EC}.Debug|Any CPU.Build.0 = Debug|Any CPU
		{C9DDB53D-C9F2-4047-AB63-56C96444D7EC}.Release|Any CPU.ActiveCfg = Release|Any CPU
		{C9DDB53D-C9F2-4047-AB63-56C96444D7EC}.Release|Any CPU.Build.0 = Release|Any CPU
		{59C70B5F-DA2D-4749-9583-1F6E7AB1137C}.Debug|Any CPU.ActiveCfg = Debug|Any CPU
		{59C70B5F-DA2D-4749-9583-1F6E7AB1137C}.Debug|Any CPU.Build.0 = Debug|Any CPU
		{59C70B5F-DA2D-4749-9583-1F6E7AB1137C}.Release|Any CPU.ActiveCfg = Release|Any CPU
		{59C70B5F-DA2D-4749-9583-1F6E7AB1137C}.Release|Any CPU.Build.0 = Release|Any CPU
		{780E84A0-54D4-437E-86A2-1C44F45459D2}.Debug|Any CPU.ActiveCfg = Debug|Any CPU
		{780E84A0-54D4-437E-86A2-1C44F45459D2}.Debug|Any CPU.Build.0 = Debug|Any CPU
		{780E84A0-54D4-437E-86A2-1C44F45459D2}.Release|Any CPU.ActiveCfg = Release|Any CPU
		{780E84A0-54D4-437E-86A2-1C44F45459D2}.Release|Any CPU.Build.0 = Release|Any CPU
		{B15FEB61-2540-4B92-BBB4-E01C8375E9D4}.Debug|Any CPU.ActiveCfg = Debug|Any CPU
		{B15FEB61-2540-4B92-BBB4-E01C8375E9D4}.Debug|Any CPU.Build.0 = Debug|Any CPU
		{B15FEB61-2540-4B92-BBB4-E01C8375E9D4}.Release|Any CPU.ActiveCfg = Release|Any CPU
		{B15FEB61-2540-4B92-BBB4-E01C8375E9D4}.Release|Any CPU.Build.0 = Release|Any CPU
		{7CBEB8C4-A890-44E3-9609-8DDE4342067B}.Debug|Any CPU.ActiveCfg = Debug|Any CPU
		{7CBEB8C4-A890-44E3-9609-8DDE4342067B}.Debug|Any CPU.Build.0 = Debug|Any CPU
		{7CBEB8C4-A890-44E3-9609-8DDE4342067B}.Release|Any CPU.ActiveCfg = Release|Any CPU
		{7CBEB8C4-A890-44E3-9609-8DDE4342067B}.Release|Any CPU.Build.0 = Release|Any CPU
		{D8078019-F5DA-4638-AC9E-41DB136A8D6D}.Debug|Any CPU.ActiveCfg = Debug|Any CPU
		{D8078019-F5DA-4638-AC9E-41DB136A8D6D}.Debug|Any CPU.Build.0 = Debug|Any CPU
		{D8078019-F5DA-4638-AC9E-41DB136A8D6D}.Release|Any CPU.ActiveCfg = Release|Any CPU
		{D8078019-F5DA-4638-AC9E-41DB136A8D6D}.Release|Any CPU.Build.0 = Release|Any CPU
		{F0B6F677-834E-4CC9-AD06-11493DF10926}.Debug|Any CPU.ActiveCfg = Debug|Any CPU
		{F0B6F677-834E-4CC9-AD06-11493DF10926}.Debug|Any CPU.Build.0 = Debug|Any CPU
		{F0B6F677-834E-4CC9-AD06-11493DF10926}.Release|Any CPU.ActiveCfg = Release|Any CPU
		{F0B6F677-834E-4CC9-AD06-11493DF10926}.Release|Any CPU.Build.0 = Release|Any CPU
		{88CEBFB7-E641-42BF-95FE-B639E58BE21E}.Debug|Any CPU.ActiveCfg = Debug|Any CPU
		{88CEBFB7-E641-42BF-95FE-B639E58BE21E}.Debug|Any CPU.Build.0 = Debug|Any CPU
		{88CEBFB7-E641-42BF-95FE-B639E58BE21E}.Release|Any CPU.ActiveCfg = Release|Any CPU
		{88CEBFB7-E641-42BF-95FE-B639E58BE21E}.Release|Any CPU.Build.0 = Release|Any CPU
		{2BE8A7BE-4CFC-47C5-8FDE-11961E77BFA8}.Debug|Any CPU.ActiveCfg = Debug|Any CPU
		{2BE8A7BE-4CFC-47C5-8FDE-11961E77BFA8}.Debug|Any CPU.Build.0 = Debug|Any CPU
		{2BE8A7BE-4CFC-47C5-8FDE-11961E77BFA8}.Release|Any CPU.ActiveCfg = Release|Any CPU
		{2BE8A7BE-4CFC-47C5-8FDE-11961E77BFA8}.Release|Any CPU.Build.0 = Release|Any CPU
		{7D8A9319-F70C-41BA-9E1D-6FF72FC7A356}.Debug|Any CPU.ActiveCfg = Debug|Any CPU
		{7D8A9319-F70C-41BA-9E1D-6FF72FC7A356}.Debug|Any CPU.Build.0 = Debug|Any CPU
		{7D8A9319-F70C-41BA-9E1D-6FF72FC7A356}.Release|Any CPU.ActiveCfg = Release|Any CPU
		{7D8A9319-F70C-41BA-9E1D-6FF72FC7A356}.Release|Any CPU.Build.0 = Release|Any CPU
		{34E0E3EC-8DD0-400C-BCFA-541F319FAFF9}.Debug|Any CPU.ActiveCfg = Debug|Any CPU
		{34E0E3EC-8DD0-400C-BCFA-541F319FAFF9}.Debug|Any CPU.Build.0 = Debug|Any CPU
		{34E0E3EC-8DD0-400C-BCFA-541F319FAFF9}.Release|Any CPU.ActiveCfg = Release|Any CPU
		{34E0E3EC-8DD0-400C-BCFA-541F319FAFF9}.Release|Any CPU.Build.0 = Release|Any CPU
		{3FA21FE1-ED8F-45EF-B35E-7D8900BE2BFF}.Debug|Any CPU.ActiveCfg = Debug|Any CPU
		{3FA21FE1-ED8F-45EF-B35E-7D8900BE2BFF}.Debug|Any CPU.Build.0 = Debug|Any CPU
		{3FA21FE1-ED8F-45EF-B35E-7D8900BE2BFF}.Release|Any CPU.ActiveCfg = Release|Any CPU
		{3FA21FE1-ED8F-45EF-B35E-7D8900BE2BFF}.Release|Any CPU.Build.0 = Release|Any CPU
		{8110849A-C3F2-440A-B557-03207E3410A6}.Debug|Any CPU.ActiveCfg = Debug|Any CPU
		{8110849A-C3F2-440A-B557-03207E3410A6}.Debug|Any CPU.Build.0 = Debug|Any CPU
		{8110849A-C3F2-440A-B557-03207E3410A6}.Release|Any CPU.ActiveCfg = Release|Any CPU
		{8110849A-C3F2-440A-B557-03207E3410A6}.Release|Any CPU.Build.0 = Release|Any CPU
		{4C37BCD8-B691-4C02-AF02-4F067558B47C}.Debug|Any CPU.ActiveCfg = Debug|Any CPU
		{4C37BCD8-B691-4C02-AF02-4F067558B47C}.Debug|Any CPU.Build.0 = Debug|Any CPU
		{4C37BCD8-B691-4C02-AF02-4F067558B47C}.Release|Any CPU.ActiveCfg = Release|Any CPU
		{4C37BCD8-B691-4C02-AF02-4F067558B47C}.Release|Any CPU.Build.0 = Release|Any CPU
	EndGlobalSection
	GlobalSection(SolutionProperties) = preSolution
		HideSolutionNode = FALSE
	EndGlobalSection
	GlobalSection(NestedProjects) = preSolution
		{77F84FA5-4374-4002-AB6E-5C57E63CA53E} = {98D2ED39-3914-4404-B63A-BC57FBA604F5}
		{B8F02625-5BA7-4AFB-9965-73FABDDDC5BB} = {77F84FA5-4374-4002-AB6E-5C57E63CA53E}
		{C9DDB53D-C9F2-4047-AB63-56C96444D7EC} = {B8F02625-5BA7-4AFB-9965-73FABDDDC5BB}
		{69214C4C-4EC9-41C4-BBE9-EBA1C13D8A37} = {98D2ED39-3914-4404-B63A-BC57FBA604F5}
		{3E5EABAE-2247-449F-AF71-63219E685257} = {98D2ED39-3914-4404-B63A-BC57FBA604F5}
		{45586BCD-E551-4EB6-9468-E06C1F7B8881} = {98D2ED39-3914-4404-B63A-BC57FBA604F5}
		{59C70B5F-DA2D-4749-9583-1F6E7AB1137C} = {45586BCD-E551-4EB6-9468-E06C1F7B8881}
		{CBE98F7A-4979-42AA-BD7F-3825EAC3E9C3} = {77F84FA5-4374-4002-AB6E-5C57E63CA53E}
		{7479AAB8-483B-4314-9D4D-2718821F8C4F} = {77F84FA5-4374-4002-AB6E-5C57E63CA53E}
		{780E84A0-54D4-437E-86A2-1C44F45459D2} = {7479AAB8-483B-4314-9D4D-2718821F8C4F}
		{B15FEB61-2540-4B92-BBB4-E01C8375E9D4} = {CBE98F7A-4979-42AA-BD7F-3825EAC3E9C3}
		{7CBEB8C4-A890-44E3-9609-8DDE4342067B} = {3E5EABAE-2247-449F-AF71-63219E685257}
		{34E41B40-C36C-4E31-9A3E-583DF3163E60} = {77F84FA5-4374-4002-AB6E-5C57E63CA53E}
		{D8078019-F5DA-4638-AC9E-41DB136A8D6D} = {34E41B40-C36C-4E31-9A3E-583DF3163E60}
		{43141613-8FF1-4A5C-8F3F-8FE9D192D155} = {77F84FA5-4374-4002-AB6E-5C57E63CA53E}
		{F0B6F677-834E-4CC9-AD06-11493DF10926} = {43141613-8FF1-4A5C-8F3F-8FE9D192D155}
		{43558D8B-5898-4889-ADDB-54B62F022786} = {98D2ED39-3914-4404-B63A-BC57FBA604F5}
		{88CEBFB7-E641-42BF-95FE-B639E58BE21E} = {43558D8B-5898-4889-ADDB-54B62F022786}
		{8B38B215-C735-411E-8D53-A3ED7B2C86D5} = {98D2ED39-3914-4404-B63A-BC57FBA604F5}
		{2BE8A7BE-4CFC-47C5-8FDE-11961E77BFA8} = {8B38B215-C735-411E-8D53-A3ED7B2C86D5}
		{B2D0802F-B28D-4454-8DE3-FD03DC8A96C8} = {77F84FA5-4374-4002-AB6E-5C57E63CA53E}
		{7D8A9319-F70C-41BA-9E1D-6FF72FC7A356} = {B2D0802F-B28D-4454-8DE3-FD03DC8A96C8}
		{34E0E3EC-8DD0-400C-BCFA-541F319FAFF9} = {B2D0802F-B28D-4454-8DE3-FD03DC8A96C8}
		{3FA21FE1-ED8F-45EF-B35E-7D8900BE2BFF} = {B2D0802F-B28D-4454-8DE3-FD03DC8A96C8}
		{8110849A-C3F2-440A-B557-03207E3410A6} = {B2D0802F-B28D-4454-8DE3-FD03DC8A96C8}
		{4C37BCD8-B691-4C02-AF02-4F067558B47C} = {B2D0802F-B28D-4454-8DE3-FD03DC8A96C8}
	EndGlobalSection
	GlobalSection(ExtensibilityGlobals) = postSolution
		SolutionGuid = {FAC25940-6F7A-4C79-88FD-4ADEC26C15F0}
	EndGlobalSection
EndGlobal
